// !$*UTF8*$!
{
	archiveVersion = 1;
	classes = {
	};
	objectVersion = 48;
	objects = {

/* Begin PBXBuildFile section */
		2F57F4FA1FB79FCC00D13C92 /* AppDelegate.swift in Sources */ = {isa = PBXBuildFile; fileRef = 2F57F4F91FB79FCC00D13C92 /* AppDelegate.swift */; };
		2F57F4FE1FB79FCC00D13C92 /* Actions.sks in Resources */ = {isa = PBXBuildFile; fileRef = 2F57F4FD1FB79FCC00D13C92 /* Actions.sks */; };
		2F57F5001FB79FCC00D13C92 /* GameScene.swift in Sources */ = {isa = PBXBuildFile; fileRef = 2F57F4FF1FB79FCC00D13C92 /* GameScene.swift */; };
		2F57F5021FB79FCC00D13C92 /* GameViewController.swift in Sources */ = {isa = PBXBuildFile; fileRef = 2F57F5011FB79FCC00D13C92 /* GameViewController.swift */; };
		2F57F5051FB79FCC00D13C92 /* Main.storyboard in Resources */ = {isa = PBXBuildFile; fileRef = 2F57F5031FB79FCC00D13C92 /* Main.storyboard */; };
		2F57F5071FB79FCC00D13C92 /* Assets.xcassets in Resources */ = {isa = PBXBuildFile; fileRef = 2F57F5061FB79FCC00D13C92 /* Assets.xcassets */; };
		2F57F50A1FB79FCC00D13C92 /* LaunchScreen.storyboard in Resources */ = {isa = PBXBuildFile; fileRef = 2F57F5081FB79FCC00D13C92 /* LaunchScreen.storyboard */; };
		2F57F5171FB7A1CF00D13C92 /* bomb.mp3 in Resources */ = {isa = PBXBuildFile; fileRef = 2F57F5121FB7A1CE00D13C92 /* bomb.mp3 */; };
		2F57F5181FB7A1CF00D13C92 /* drop.mp3 in Resources */ = {isa = PBXBuildFile; fileRef = 2F57F5131FB7A1CE00D13C92 /* drop.mp3 */; };
		2F57F5191FB7A1CF00D13C92 /* gameover.mp3 in Resources */ = {isa = PBXBuildFile; fileRef = 2F57F5141FB7A1CE00D13C92 /* gameover.mp3 */; };
		2F57F51A1FB7A1CF00D13C92 /* levelup.mp3 in Resources */ = {isa = PBXBuildFile; fileRef = 2F57F5151FB7A1CE00D13C92 /* levelup.mp3 */; };
		2F57F51B1FB7A1CF00D13C92 /* theme.mp3 in Resources */ = {isa = PBXBuildFile; fileRef = 2F57F5161FB7A1CE00D13C92 /* theme.mp3 */; };
		2F57F5211FB7A67700D13C92 /* ArrayScene.swift in Sources */ = {isa = PBXBuildFile; fileRef = 2F57F5201FB7A67700D13C92 /* ArrayScene.swift */; };
		2F57F5231FB7AEC500D13C92 /* Block.swift in Sources */ = {isa = PBXBuildFile; fileRef = 2F57F5221FB7AEC500D13C92 /* Block.swift */; };
		2F57F5251FB7AFF700D13C92 /* shape.swift in Sources */ = {isa = PBXBuildFile; fileRef = 2F57F5241FB7AFF700D13C92 /* shape.swift */; };
		2F57F5271FB7B60A00D13C92 /* SquareShape.swift in Sources */ = {isa = PBXBuildFile; fileRef = 2F57F5261FB7B60A00D13C92 /* SquareShape.swift */; };
		2F57F5291FB7B6A800D13C92 /* TShape.swift in Sources */ = {isa = PBXBuildFile; fileRef = 2F57F5281FB7B6A800D13C92 /* TShape.swift */; };
		2F57F52B1FB7B71900D13C92 /* LineShape.swift in Sources */ = {isa = PBXBuildFile; fileRef = 2F57F52A1FB7B71900D13C92 /* LineShape.swift */; };
		2F57F52D1FB7B76400D13C92 /* LShape.swift in Sources */ = {isa = PBXBuildFile; fileRef = 2F57F52C1FB7B76400D13C92 /* LShape.swift */; };
		2F57F52F1FB7B7AB00D13C92 /* JShape.swift in Sources */ = {isa = PBXBuildFile; fileRef = 2F57F52E1FB7B7AB00D13C92 /* JShape.swift */; };
		2F57F5311FB7B7ED00D13C92 /* SShape.swift in Sources */ = {isa = PBXBuildFile; fileRef = 2F57F5301FB7B7ED00D13C92 /* SShape.swift */; };
		2F57F5331FB7B82700D13C92 /* ZShape.swift in Sources */ = {isa = PBXBuildFile; fileRef = 2F57F5321FB7B82700D13C92 /* ZShape.swift */; };
		2F57F5351FB7B98800D13C92 /* Tetrominos.swift in Sources */ = {isa = PBXBuildFile; fileRef = 2F57F5341FB7B98800D13C92 /* Tetrominos.swift */; };
/* End PBXBuildFile section */

/* Begin PBXFileReference section */
		2F57F4F61FB79FCB00D13C92 /* Tetrominos.app */ = {isa = PBXFileReference; explicitFileType = wrapper.application; includeInIndex = 0; path = Tetrominos.app; sourceTree = BUILT_PRODUCTS_DIR; };
		2F57F4F91FB79FCC00D13C92 /* AppDelegate.swift */ = {isa = PBXFileReference; lastKnownFileType = sourcecode.swift; path = AppDelegate.swift; sourceTree = "<group>"; };
		2F57F4FD1FB79FCC00D13C92 /* Actions.sks */ = {isa = PBXFileReference; lastKnownFileType = file.sks; path = Actions.sks; sourceTree = "<group>"; };
		2F57F4FF1FB79FCC00D13C92 /* GameScene.swift */ = {isa = PBXFileReference; lastKnownFileType = sourcecode.swift; path = GameScene.swift; sourceTree = "<group>"; };
		2F57F5011FB79FCC00D13C92 /* GameViewController.swift */ = {isa = PBXFileReference; lastKnownFileType = sourcecode.swift; path = GameViewController.swift; sourceTree = "<group>"; };
		2F57F5041FB79FCC00D13C92 /* Base */ = {isa = PBXFileReference; lastKnownFileType = file.storyboard; name = Base; path = Base.lproj/Main.storyboard; sourceTree = "<group>"; };
		2F57F5061FB79FCC00D13C92 /* Assets.xcassets */ = {isa = PBXFileReference; lastKnownFileType = folder.assetcatalog; path = Assets.xcassets; sourceTree = "<group>"; };
		2F57F5091FB79FCC00D13C92 /* Base */ = {isa = PBXFileReference; lastKnownFileType = file.storyboard; name = Base; path = Base.lproj/LaunchScreen.storyboard; sourceTree = "<group>"; };
		2F57F50B1FB79FCC00D13C92 /* Info.plist */ = {isa = PBXFileReference; lastKnownFileType = text.plist.xml; path = Info.plist; sourceTree = "<group>"; };
		2F57F5121FB7A1CE00D13C92 /* bomb.mp3 */ = {isa = PBXFileReference; lastKnownFileType = audio.mp3; path = bomb.mp3; sourceTree = "<group>"; };
		2F57F5131FB7A1CE00D13C92 /* drop.mp3 */ = {isa = PBXFileReference; lastKnownFileType = audio.mp3; path = drop.mp3; sourceTree = "<group>"; };
		2F57F5141FB7A1CE00D13C92 /* gameover.mp3 */ = {isa = PBXFileReference; lastKnownFileType = audio.mp3; path = gameover.mp3; sourceTree = "<group>"; };
		2F57F5151FB7A1CE00D13C92 /* levelup.mp3 */ = {isa = PBXFileReference; lastKnownFileType = audio.mp3; path = levelup.mp3; sourceTree = "<group>"; };
		2F57F5161FB7A1CE00D13C92 /* theme.mp3 */ = {isa = PBXFileReference; lastKnownFileType = audio.mp3; path = theme.mp3; sourceTree = "<group>"; };
		2F57F5201FB7A67700D13C92 /* ArrayScene.swift */ = {isa = PBXFileReference; lastKnownFileType = sourcecode.swift; path = ArrayScene.swift; sourceTree = "<group>"; };
		2F57F5221FB7AEC500D13C92 /* Block.swift */ = {isa = PBXFileReference; lastKnownFileType = sourcecode.swift; path = Block.swift; sourceTree = "<group>"; };
		2F57F5241FB7AFF700D13C92 /* shape.swift */ = {isa = PBXFileReference; lastKnownFileType = sourcecode.swift; path = shape.swift; sourceTree = "<group>"; };
		2F57F5261FB7B60A00D13C92 /* SquareShape.swift */ = {isa = PBXFileReference; lastKnownFileType = sourcecode.swift; path = SquareShape.swift; sourceTree = "<group>"; };
		2F57F5281FB7B6A800D13C92 /* TShape.swift */ = {isa = PBXFileReference; lastKnownFileType = sourcecode.swift; path = TShape.swift; sourceTree = "<group>"; };
		2F57F52A1FB7B71900D13C92 /* LineShape.swift */ = {isa = PBXFileReference; lastKnownFileType = sourcecode.swift; path = LineShape.swift; sourceTree = "<group>"; };
		2F57F52C1FB7B76400D13C92 /* LShape.swift */ = {isa = PBXFileReference; lastKnownFileType = sourcecode.swift; path = LShape.swift; sourceTree = "<group>"; };
		2F57F52E1FB7B7AB00D13C92 /* JShape.swift */ = {isa = PBXFileReference; lastKnownFileType = sourcecode.swift; path = JShape.swift; sourceTree = "<group>"; };
		2F57F5301FB7B7ED00D13C92 /* SShape.swift */ = {isa = PBXFileReference; lastKnownFileType = sourcecode.swift; path = SShape.swift; sourceTree = "<group>"; };
		2F57F5321FB7B82700D13C92 /* ZShape.swift */ = {isa = PBXFileReference; lastKnownFileType = sourcecode.swift; path = ZShape.swift; sourceTree = "<group>"; };
		2F57F5341FB7B98800D13C92 /* Tetrominos.swift */ = {isa = PBXFileReference; lastKnownFileType = sourcecode.swift; path = Tetrominos.swift; sourceTree = "<group>"; };
/* End PBXFileReference section */

/* Begin PBXFrameworksBuildPhase section */
		2F57F4F31FB79FCB00D13C92 /* Frameworks */ = {
			isa = PBXFrameworksBuildPhase;
			buildActionMask = 2147483647;
			files = (
			);
			runOnlyForDeploymentPostprocessing = 0;
		};
/* End PBXFrameworksBuildPhase section */

/* Begin PBXGroup section */
		2F57F4ED1FB79FCB00D13C92 = {
			isa = PBXGroup;
			children = (
				2F57F4F81FB79FCB00D13C92 /* Tetrominos */,
				2F57F4F71FB79FCB00D13C92 /* Products */,
			);
			sourceTree = "<group>";
		};
		2F57F4F71FB79FCB00D13C92 /* Products */ = {
			isa = PBXGroup;
			children = (
				2F57F4F61FB79FCB00D13C92 /* Tetrominos.app */,
			);
			name = Products;
			sourceTree = "<group>";
		};
		2F57F4F81FB79FCB00D13C92 /* Tetrominos */ = {
			isa = PBXGroup;
			children = (
				2F57F5111FB7A1CE00D13C92 /* Sounds */,
				2F57F4F91FB79FCC00D13C92 /* AppDelegate.swift */,
				2F57F5011FB79FCC00D13C92 /* GameViewController.swift */,
				2F57F4FF1FB79FCC00D13C92 /* GameScene.swift */,
				2F57F5201FB7A67700D13C92 /* ArrayScene.swift */,
				2F57F5341FB7B98800D13C92 /* Tetrominos.swift */,
				2F57F5221FB7AEC500D13C92 /* Block.swift */,
				2F57F4FD1FB79FCC00D13C92 /* Actions.sks */,
				2F57F5241FB7AFF700D13C92 /* shape.swift */,
				2F57F5261FB7B60A00D13C92 /* SquareShape.swift */,
				2F57F5281FB7B6A800D13C92 /* TShape.swift */,
				2F57F52A1FB7B71900D13C92 /* LineShape.swift */,
				2F57F52C1FB7B76400D13C92 /* LShape.swift */,
				2F57F52E1FB7B7AB00D13C92 /* JShape.swift */,
				2F57F5301FB7B7ED00D13C92 /* SShape.swift */,
				2F57F5321FB7B82700D13C92 /* ZShape.swift */,
				2F57F5031FB79FCC00D13C92 /* Main.storyboard */,
				2F57F5061FB79FCC00D13C92 /* Assets.xcassets */,
				2F57F5081FB79FCC00D13C92 /* LaunchScreen.storyboard */,
				2F57F50B1FB79FCC00D13C92 /* Info.plist */,
			);
			path = Tetrominos;
			sourceTree = "<group>";
		};
		2F57F5111FB7A1CE00D13C92 /* Sounds */ = {
			isa = PBXGroup;
			children = (
				2F57F5121FB7A1CE00D13C92 /* bomb.mp3 */,
				2F57F5131FB7A1CE00D13C92 /* drop.mp3 */,
				2F57F5141FB7A1CE00D13C92 /* gameover.mp3 */,
				2F57F5151FB7A1CE00D13C92 /* levelup.mp3 */,
				2F57F5161FB7A1CE00D13C92 /* theme.mp3 */,
			);
			path = Sounds;
			sourceTree = "<group>";
		};
/* End PBXGroup section */

/* Begin PBXNativeTarget section */
		2F57F4F51FB79FCB00D13C92 /* Tetrominos */ = {
			isa = PBXNativeTarget;
			buildConfigurationList = 2F57F50E1FB79FCC00D13C92 /* Build configuration list for PBXNativeTarget "Tetrominos" */;
			buildPhases = (
				2F57F4F21FB79FCB00D13C92 /* Sources */,
				2F57F4F31FB79FCB00D13C92 /* Frameworks */,
				2F57F4F41FB79FCB00D13C92 /* Resources */,
			);
			buildRules = (
			);
			dependencies = (
			);
			name = Tetrominos;
			productName = Tetrominos;
			productReference = 2F57F4F61FB79FCB00D13C92 /* Tetrominos.app */;
			productType = "com.apple.product-type.application";
		};
/* End PBXNativeTarget section */

/* Begin PBXProject section */
		2F57F4EE1FB79FCB00D13C92 /* Project object */ = {
			isa = PBXProject;
			attributes = {
				LastSwiftUpdateCheck = 0910;
				LastUpgradeCheck = 0910;
				ORGANIZATIONNAME = paprika;
				TargetAttributes = {
					2F57F4F51FB79FCB00D13C92 = {
						CreatedOnToolsVersion = 9.1;
						ProvisioningStyle = Automatic;
					};
				};
			};
			buildConfigurationList = 2F57F4F11FB79FCB00D13C92 /* Build configuration list for PBXProject "Tetrominos" */;
			compatibilityVersion = "Xcode 8.0";
			developmentRegion = en;
			hasScannedForEncodings = 0;
			knownRegions = (
				en,
				Base,
			);
			mainGroup = 2F57F4ED1FB79FCB00D13C92;
			productRefGroup = 2F57F4F71FB79FCB00D13C92 /* Products */;
			projectDirPath = "";
			projectRoot = "";
			targets = (
				2F57F4F51FB79FCB00D13C92 /* Tetrominos */,
			);
		};
/* End PBXProject section */

/* Begin PBXResourcesBuildPhase section */
		2F57F4F41FB79FCB00D13C92 /* Resources */ = {
			isa = PBXResourcesBuildPhase;
			buildActionMask = 2147483647;
			files = (
				2F57F5191FB7A1CF00D13C92 /* gameover.mp3 in Resources */,
				2F57F5051FB79FCC00D13C92 /* Main.storyboard in Resources */,
				2F57F5171FB7A1CF00D13C92 /* bomb.mp3 in Resources */,
				2F57F5071FB79FCC00D13C92 /* Assets.xcassets in Resources */,
				2F57F50A1FB79FCC00D13C92 /* LaunchScreen.storyboard in Resources */,
				2F57F4FE1FB79FCC00D13C92 /* Actions.sks in Resources */,
				2F57F51A1FB7A1CF00D13C92 /* levelup.mp3 in Resources */,
				2F57F5181FB7A1CF00D13C92 /* drop.mp3 in Resources */,
				2F57F51B1FB7A1CF00D13C92 /* theme.mp3 in Resources */,
			);
			runOnlyForDeploymentPostprocessing = 0;
		};
/* End PBXResourcesBuildPhase section */

/* Begin PBXSourcesBuildPhase section */
		2F57F4F21FB79FCB00D13C92 /* Sources */ = {
			isa = PBXSourcesBuildPhase;
			buildActionMask = 2147483647;
			files = (
				2F57F52D1FB7B76400D13C92 /* LShape.swift in Sources */,
				2F57F5271FB7B60A00D13C92 /* SquareShape.swift in Sources */,
				2F57F5211FB7A67700D13C92 /* ArrayScene.swift in Sources */,
				2F57F52F1FB7B7AB00D13C92 /* JShape.swift in Sources */,
				2F57F5001FB79FCC00D13C92 /* GameScene.swift in Sources */,
				2F57F5231FB7AEC500D13C92 /* Block.swift in Sources */,
				2F57F52B1FB7B71900D13C92 /* LineShape.swift in Sources */,
				2F57F5311FB7B7ED00D13C92 /* SShape.swift in Sources */,
				2F57F5291FB7B6A800D13C92 /* TShape.swift in Sources */,
				2F57F5351FB7B98800D13C92 /* Tetrominos.swift in Sources */,
				2F57F5021FB79FCC00D13C92 /* GameViewController.swift in Sources */,
				2F57F4FA1FB79FCC00D13C92 /* AppDelegate.swift in Sources */,
				2F57F5331FB7B82700D13C92 /* ZShape.swift in Sources */,
				2F57F5251FB7AFF700D13C92 /* shape.swift in Sources */,
			);
			runOnlyForDeploymentPostprocessing = 0;
		};
/* End PBXSourcesBuildPhase section */

/* Begin PBXVariantGroup section */
		2F57F5031FB79FCC00D13C92 /* Main.storyboard */ = {
			isa = PBXVariantGroup;
			children = (
				2F57F5041FB79FCC00D13C92 /* Base */,
			);
			name = Main.storyboard;
			sourceTree = "<group>";
		};
		2F57F5081FB79FCC00D13C92 /* LaunchScreen.storyboard */ = {
			isa = PBXVariantGroup;
			children = (
				2F57F5091FB79FCC00D13C92 /* Base */,
			);
			name = LaunchScreen.storyboard;
			sourceTree = "<group>";
		};
/* End PBXVariantGroup section */

/* Begin XCBuildConfiguration section */
		2F57F50C1FB79FCC00D13C92 /* Debug */ = {
			isa = XCBuildConfiguration;
			buildSettings = {
				ALWAYS_SEARCH_USER_PATHS = NO;
				CLANG_ANALYZER_NONNULL = YES;
				CLANG_ANALYZER_NUMBER_OBJECT_CONVERSION = YES_AGGRESSIVE;
				CLANG_CXX_LANGUAGE_STANDARD = "gnu++14";
				CLANG_CXX_LIBRARY = "libc++";
				CLANG_ENABLE_MODULES = YES;
				CLANG_ENABLE_OBJC_ARC = YES;
				CLANG_WARN_BLOCK_CAPTURE_AUTORELEASING = YES;
				CLANG_WARN_BOOL_CONVERSION = YES;
				CLANG_WARN_COMMA = YES;
				CLANG_WARN_CONSTANT_CONVERSION = YES;
				CLANG_WARN_DIRECT_OBJC_ISA_USAGE = YES_ERROR;
				CLANG_WARN_DOCUMENTATION_COMMENTS = YES;
				CLANG_WARN_EMPTY_BODY = YES;
				CLANG_WARN_ENUM_CONVERSION = YES;
				CLANG_WARN_INFINITE_RECURSION = YES;
				CLANG_WARN_INT_CONVERSION = YES;
				CLANG_WARN_NON_LITERAL_NULL_CONVERSION = YES;
				CLANG_WARN_OBJC_LITERAL_CONVERSION = YES;
				CLANG_WARN_OBJC_ROOT_CLASS = YES_ERROR;
				CLANG_WARN_RANGE_LOOP_ANALYSIS = YES;
				CLANG_WARN_STRICT_PROTOTYPES = YES;
				CLANG_WARN_SUSPICIOUS_MOVE = YES;
				CLANG_WARN_UNGUARDED_AVAILABILITY = YES_AGGRESSIVE;
				CLANG_WARN_UNREACHABLE_CODE = YES;
				CLANG_WARN__DUPLICATE_METHOD_MATCH = YES;
				CODE_SIGN_IDENTITY = "iPhone Developer";
				COPY_PHASE_STRIP = NO;
				DEBUG_INFORMATION_FORMAT = dwarf;
				ENABLE_STRICT_OBJC_MSGSEND = YES;
				ENABLE_TESTABILITY = YES;
				GCC_C_LANGUAGE_STANDARD = gnu11;
				GCC_DYNAMIC_NO_PIC = NO;
				GCC_NO_COMMON_BLOCKS = YES;
				GCC_OPTIMIZATION_LEVEL = 0;
				GCC_PREPROCESSOR_DEFINITIONS = (
					"DEBUG=1",
					"$(inherited)",
				);
				GCC_WARN_64_TO_32_BIT_CONVERSION = YES;
				GCC_WARN_ABOUT_RETURN_TYPE = YES_ERROR;
				GCC_WARN_UNDECLARED_SELECTOR = YES;
				GCC_WARN_UNINITIALIZED_AUTOS = YES_AGGRESSIVE;
				GCC_WARN_UNUSED_FUNCTION = YES;
				GCC_WARN_UNUSED_VARIABLE = YES;
				IPHONEOS_DEPLOYMENT_TARGET = 11.1;
				MTL_ENABLE_DEBUG_INFO = YES;
				ONLY_ACTIVE_ARCH = YES;
				SDKROOT = iphoneos;
				SWIFT_ACTIVE_COMPILATION_CONDITIONS = DEBUG;
				SWIFT_OPTIMIZATION_LEVEL = "-Onone";
			};
			name = Debug;
		};
		2F57F50D1FB79FCC00D13C92 /* Release */ = {
			isa = XCBuildConfiguration;
			buildSettings = {
				ALWAYS_SEARCH_USER_PATHS = NO;
				CLANG_ANALYZER_NONNULL = YES;
				CLANG_ANALYZER_NUMBER_OBJECT_CONVERSION = YES_AGGRESSIVE;
				CLANG_CXX_LANGUAGE_STANDARD = "gnu++14";
				CLANG_CXX_LIBRARY = "libc++";
				CLANG_ENABLE_MODULES = YES;
				CLANG_ENABLE_OBJC_ARC = YES;
				CLANG_WARN_BLOCK_CAPTURE_AUTORELEASING = YES;
				CLANG_WARN_BOOL_CONVERSION = YES;
				CLANG_WARN_COMMA = YES;
				CLANG_WARN_CONSTANT_CONVERSION = YES;
				CLANG_WARN_DIRECT_OBJC_ISA_USAGE = YES_ERROR;
				CLANG_WARN_DOCUMENTATION_COMMENTS = YES;
				CLANG_WARN_EMPTY_BODY = YES;
				CLANG_WARN_ENUM_CONVERSION = YES;
				CLANG_WARN_INFINITE_RECURSION = YES;
				CLANG_WARN_INT_CONVERSION = YES;
				CLANG_WARN_NON_LITERAL_NULL_CONVERSION = YES;
				CLANG_WARN_OBJC_LITERAL_CONVERSION = YES;
				CLANG_WARN_OBJC_ROOT_CLASS = YES_ERROR;
				CLANG_WARN_RANGE_LOOP_ANALYSIS = YES;
				CLANG_WARN_STRICT_PROTOTYPES = YES;
				CLANG_WARN_SUSPICIOUS_MOVE = YES;
				CLANG_WARN_UNGUARDED_AVAILABILITY = YES_AGGRESSIVE;
				CLANG_WARN_UNREACHABLE_CODE = YES;
				CLANG_WARN__DUPLICATE_METHOD_MATCH = YES;
				CODE_SIGN_IDENTITY = "iPhone Developer";
				COPY_PHASE_STRIP = NO;
				DEBUG_INFORMATION_FORMAT = "dwarf-with-dsym";
				ENABLE_NS_ASSERTIONS = NO;
				ENABLE_STRICT_OBJC_MSGSEND = YES;
				GCC_C_LANGUAGE_STANDARD = gnu11;
				GCC_NO_COMMON_BLOCKS = YES;
				GCC_WARN_64_TO_32_BIT_CONVERSION = YES;
				GCC_WARN_ABOUT_RETURN_TYPE = YES_ERROR;
				GCC_WARN_UNDECLARED_SELECTOR = YES;
				GCC_WARN_UNINITIALIZED_AUTOS = YES_AGGRESSIVE;
				GCC_WARN_UNUSED_FUNCTION = YES;
				GCC_WARN_UNUSED_VARIABLE = YES;
				IPHONEOS_DEPLOYMENT_TARGET = 11.1;
				MTL_ENABLE_DEBUG_INFO = NO;
				SDKROOT = iphoneos;
				SWIFT_OPTIMIZATION_LEVEL = "-Owholemodule";
				VALIDATE_PRODUCT = YES;
			};
			name = Release;
		};
		2F57F50F1FB79FCC00D13C92 /* Debug */ = {
			isa = XCBuildConfiguration;
			buildSettings = {
				ASSETCATALOG_COMPILER_APPICON_NAME = AppIcon;
				"CODE_SIGN_IDENTITY[sdk=iphoneos*]" = "iPhone Developer";
				CODE_SIGN_STYLE = Automatic;
				DEVELOPMENT_TEAM = 3H89VUAKH5;
				INFOPLIST_FILE = Tetrominos/Info.plist;
				IPHONEOS_DEPLOYMENT_TARGET = 11.0;
				LD_RUNPATH_SEARCH_PATHS = "$(inherited) @executable_path/Frameworks";
				PRODUCT_BUNDLE_IDENTIFIER = cn.paprika.Tetrominos;
				PRODUCT_NAME = "$(TARGET_NAME)";
				PROVISIONING_PROFILE_SPECIFIER = "";
				SWIFT_VERSION = 4.0;
				TARGETED_DEVICE_FAMILY = "1,2";
			};
			name = Debug;
		};
		2F57F5101FB79FCC00D13C92 /* Release */ = {
			isa = XCBuildConfiguration;
			buildSettings = {
				ASSETCATALOG_COMPILER_APPICON_NAME = AppIcon;
				"CODE_SIGN_IDENTITY[sdk=iphoneos*]" = "iPhone Developer";
				CODE_SIGN_STYLE = Automatic;
				DEVELOPMENT_TEAM = 3H89VUAKH5;
				INFOPLIST_FILE = Tetrominos/Info.plist;
				IPHONEOS_DEPLOYMENT_TARGET = 11.0;
				LD_RUNPATH_SEARCH_PATHS = "$(inherited) @executable_path/Frameworks";
				PRODUCT_BUNDLE_IDENTIFIER = cn.paprika.Tetrominos;
				PRODUCT_NAME = "$(TARGET_NAME)";
				PROVISIONING_PROFILE_SPECIFIER = "";
				SWIFT_VERSION = 4.0;
				TARGETED_DEVICE_FAMILY = "1,2";
			};
			name = Release;
		};
/* End XCBuildConfiguration section */

/* Begin XCConfigurationList section */
		2F57F4F11FB79FCB00D13C92 /* Build configuration list for PBXProject "Tetrominos" */ = {
			isa = XCConfigurationList;
			buildConfigurations = (
				2F57F50C1FB79FCC00D13C92 /* Debug */,
				2F57F50D1FB79FCC00D13C92 /* Release */,
			);
			defaultConfigurationIsVisible = 0;
			defaultConfigurationName = Release;
		};
		2F57F50E1FB79FCC00D13C92 /* Build configuration list for PBXNativeTarget "Tetrominos" */ = {
			isa = XCConfigurationList;
			buildConfigurations = (
				2F57F50F1FB79FCC00D13C92 /* Debug */,
				2F57F5101FB79FCC00D13C92 /* Release */,
			);
			defaultConfigurationIsVisible = 0;
			defaultConfigurationName = Release;
		};
/* End XCConfigurationList section */
	};
	rootObject = 2F57F4EE1FB79FCB00D13C92 /* Project object */;
}
